{
    "version": 3,
    "terraform_version": "0.11.7",
    "serial": 6,
    "lineage": "deffcd45-545f-e3e7-2b5f-13860b2fb08a",
    "modules": [
        {
            "path": [
                "root"
            ],
            "outputs": {
                "instance_id": {
                    "sensitive": false,
                    "type": "string",
                    "value": "i-01aab811948ab1606"
                }
            },
            "resources": {
                "aws_instance.vmworld-demo-instance": {
                    "type": "aws_instance",
                    "depends_on": [
                        "data.aws_ami.vmworld-demo-latest-ami"
                    ],
                    "primary": {
                        "id": "i-01aab811948ab1606",
                        "attributes": {
                            "ami": "ami-05ab24d653330fc14",
                            "arn": "arn:aws:ec2:us-west-2:799436472344:instance/i-01aab811948ab1606",
                            "associate_public_ip_address": "false",
                            "availability_zone": "us-west-2a",
                            "cpu_core_count": "1",
                            "cpu_threads_per_core": "1",
                            "credit_specification.#": "1",
                            "credit_specification.0.cpu_credits": "standard",
                            "disable_api_termination": "false",
                            "ebs_block_device.#": "0",
                            "ebs_optimized": "false",
                            "ephemeral_block_device.#": "0",
                            "get_password_data": "false",
                            "iam_instance_profile": "",
                            "id": "i-01aab811948ab1606",
                            "instance_state": "running",
                            "instance_type": "t2.micro",
                            "ipv6_addresses.#": "0",
                            "key_name": "vmworld-mgt371bus-key",
                            "monitoring": "false",
                            "network_interface.#": "0",
                            "network_interface_id": "eni-0c85ab08589001e73",
                            "password_data": "",
                            "placement_group": "",
                            "primary_network_interface_id": "eni-0c85ab08589001e73",
                            "private_dns": "ip-10-110-10-5.us-west-2.compute.internal",
                            "private_ip": "10.110.10.5",
                            "public_dns": "",
                            "public_ip": "",
                            "root_block_device.#": "1",
                            "root_block_device.0.delete_on_termination": "false",
                            "root_block_device.0.iops": "120",
                            "root_block_device.0.volume_id": "vol-03c9d9297ed5866dc",
                            "root_block_device.0.volume_size": "40",
                            "root_block_device.0.volume_type": "gp2",
                            "security_groups.#": "0",
                            "source_dest_check": "true",
                            "subnet_id": "subnet-0321451998b8cb8c6",
                            "tags.%": "1",
                            "tags.Name": "vmwold-demo-instance",
                            "tenancy": "default",
                            "volume_tags.%": "0",
                            "vpc_security_group_ids.#": "1",
                            "vpc_security_group_ids.4266930303": "sg-04a632cf6fb1ea50d"
                        },
                        "meta": {
                            "e2bfb730-ecaa-11e6-8f88-34363bc7c4c0": {
                                "create": 600000000000,
                                "delete": 1200000000000,
                                "update": 600000000000
                            },
                            "schema_version": "1"
                        },
                        "tainted": false
                    },
                    "deposed": [],
                    "provider": "provider.aws"
                },
                "data.aws_ami.vmworld-demo-latest-ami": {
                    "type": "aws_ami",
                    "depends_on": [],
                    "primary": {
                        "id": "ami-05ab24d653330fc14",
                        "attributes": {
                            "architecture": "x86_64",
                            "block_device_mappings.#": "1",
                            "block_device_mappings.1912510243.device_name": "/dev/sda1",
                            "block_device_mappings.1912510243.ebs.%": "6",
                            "block_device_mappings.1912510243.ebs.delete_on_termination": "false",
                            "block_device_mappings.1912510243.ebs.encrypted": "false",
                            "block_device_mappings.1912510243.ebs.iops": "0",
                            "block_device_mappings.1912510243.ebs.snapshot_id": "snap-089679cb46abe67f8",
                            "block_device_mappings.1912510243.ebs.volume_size": "40",
                            "block_device_mappings.1912510243.ebs.volume_type": "gp2",
                            "block_device_mappings.1912510243.no_device": "",
                            "block_device_mappings.1912510243.virtual_name": "",
                            "creation_date": "2018-08-26T14:12:24.000Z",
                            "description": "AWS-VMImport service: Windows Server 2016 Standard",
                            "filter.#": "1",
                            "filter.1860521121.name": "tag:rk_object_name",
                            "filter.1860521121.values.#": "1",
                            "filter.1860521121.values.0": "bgurling-win",
                            "hypervisor": "xen",
                            "id": "ami-05ab24d653330fc14",
                            "image_id": "ami-05ab24d653330fc14",
                            "image_location": "799436472344/import-ami-04a7de8277c7e11bf",
                            "image_type": "machine",
                            "most_recent": "true",
                            "name": "import-ami-04a7de8277c7e11bf",
                            "owner_id": "799436472344",
                            "platform": "windows",
                            "product_codes.#": "0",
                            "public": "false",
                            "root_device_name": "/dev/sda1",
                            "root_device_type": "ebs",
                            "root_snapshot_id": "snap-089679cb46abe67f8",
                            "state": "available",
                            "state_reason.%": "2",
                            "state_reason.code": "UNSET",
                            "state_reason.message": "UNSET",
                            "tags.%": "12",
                            "tags.Name": "Rubrik-PolicyBasedImage",
                            "tags.location_unique_id": "vmworld-mgt371bus-archive-bucket",
                            "tags.rk_cluster_id": "8b4fe6f6-cc87-4354-a125-b65e23cf8c90",
                            "tags.rk_host_name": "vcsa.rubrik.us",
                            "tags.rk_instance_class": "PolicyBasedImage",
                            "tags.rk_job_id": "INSTANTIATE_SNAPSHOT_ON_CLOUD_1226ff04-6100-454f-905b-5df817b6981a-vm-1668:::4",
                            "tags.rk_object_name": "bgurling-win",
                            "tags.rk_snappable_id": "1226ff04-6100-454f-905b-5df817b6981a-vm-1668",
                            "tags.rk_snapshot_id": "b42264b5-8377-4c4e-bd83-70c7d5f99b79",
                            "tags.rk_snapshot_time": "1535286904961",
                            "tags.rk_version": "4.2.0~DA1-910",
                            "tags.snappable_type": "VmwareVirtualMachine",
                            "virtualization_type": "hvm"
                        },
                        "meta": {},
                        "tainted": false
                    },
                    "deposed": [],
                    "provider": "provider.aws"
                }
            },
            "depends_on": []
        }
    ]
}
